# THIS IS AN AUTOGENERATED FILE. DO NOT EDIT THIS FILE DIRECTLY.
# yarn lockfile v1
# bun ./bun.lockb --hash: 90D590E1A5BB8A04-9db21b68f1ee355f-AD9EC10C47070D42-492220feaf5267d8


"@swc/core@^1.2.245":
  version "1.3.10"
  resolved "https://registry.npmjs.org/@swc/core/-/core-1.3.10.tgz"
  integrity sha512-A5YjYFa45ThHOwftKqIQKNbukxJGTsdBQAqoTr+QD1/L6jbRg3xxhU5UDyVdUIULz40PH6YQiulyUVbyrjl1Iw==
  dependencies:
    "@swc/core-win32-x64-msvc" "1.3.10"
    "@swc/core-darwin-x64" "1.3.10"
    "@swc/core-linux-x64-gnu" "1.3.10"
    "@swc/core-linux-x64-musl" "1.3.10"
    "@swc/core-freebsd-x64" "1.3.10"
    "@swc/core-win32-ia32-msvc" "1.3.10"
    "@swc/core-linux-arm64-gnu" "1.3.10"
    "@swc/core-linux-arm-gnueabihf" "1.3.10"
    "@swc/core-darwin-arm64" "1.3.10"
    "@swc/core-android-arm64" "1.3.10"
    "@swc/core-linux-arm64-musl" "1.3.10"
    "@swc/core-win32-arm64-msvc" "1.3.10"
    "@swc/core-android-arm-eabi" "1.3.10"

"@swc/core-android-arm-eabi@1.3.10":
  version "1.3.10"
  resolved "https://registry.npmjs.org/@swc/core-android-arm-eabi/-/core-android-arm-eabi-1.3.10.tgz"
  integrity sha512-yeW0dvv7SSmb0Y1Hhr9+QceoDjn2uulcaY+LUZ9Zt2UBHl/95c7QVgjDaE2B/lSlTV5En/81/q58lXoT/IqjGw==
  dependencies:
    "@swc/wasm" "1.2.122"

"@swc/core-android-arm64@1.3.10":
  version "1.3.10"
  resolved "https://registry.npmjs.org/@swc/core-android-arm64/-/core-android-arm64-1.3.10.tgz"
  integrity sha512-HXkUXP4Lm3Xc9qfd9J/6/YfxknWk0Esqmu6nFRikXDc691aXHDcDZ2D8SqPlhx2CZT1juuRajphOaUXMTaAP3g==
  dependencies:
    "@swc/wasm" "1.2.130"

"@swc/core-darwin-arm64@1.3.10":
  version "1.3.10"
  resolved "https://registry.npmjs.org/@swc/core-darwin-arm64/-/core-darwin-arm64-1.3.10.tgz"
  integrity sha512-X1eM5LDk24W/pbGamwpMRGkQW1BC+1xYNzS38hiK5YCS20TDZwI5LIg2pTEecKl/SRt1WFMwAThUwKbp4m1HIA==

"@swc/core-darwin-x64@1.3.10":
  version "1.3.10"
  resolved "https://registry.npmjs.org/@swc/core-darwin-x64/-/core-darwin-x64-1.3.10.tgz"
  integrity sha512-wrsv6upfEzwCGHB7y7IsdrppyywNV7C5TZDXVYv3GCUQZAFlRBar+1yHMojuPxPvyjjfHtTEr68MOhUwq9ti3w==

"@swc/core-freebsd-x64@1.3.10":
  version "1.3.10"
  resolved "https://registry.npmjs.org/@swc/core-freebsd-x64/-/core-freebsd-x64-1.3.10.tgz"
  integrity sha512-tJ+ncGIZcueU3RVuQtawLvU0zGza4YKH7aD9unaypFE6e0qx34EX7fzObAhTUi881muEFIU/mDKmVpFqdEi7QQ==
  dependencies:
    "@swc/wasm" "1.2.130"

"@swc/core-linux-arm-gnueabihf@1.3.10":
  version "1.3.10"
  resolved "https://registry.npmjs.org/@swc/core-linux-arm-gnueabihf/-/core-linux-arm-gnueabihf-1.3.10.tgz"
  integrity sha512-4IsAIBk1zdzTINZR5+kPE170yyIQMY76R/yKxtHuzMYxhOaErxsObokttyZ9k9ImlZRujTzEn3A5SsZ/EvibUA==
  dependencies:
    "@swc/wasm" "1.2.130"

"@swc/core-linux-arm64-gnu@1.3.10":
  version "1.3.10"
  resolved "https://registry.npmjs.org/@swc/core-linux-arm64-gnu/-/core-linux-arm64-gnu-1.3.10.tgz"
  integrity sha512-OaOd+wFbcTQwOD9Ce5luUp8qYoEvdX3s00Bby+j7hybu1fVZK4W40cqzVRp/EDElriG0I+tAdFvQW7PCcEzsPQ==

"@swc/core-linux-arm64-musl@1.3.10":
  version "1.3.10"
  resolved "https://registry.npmjs.org/@swc/core-linux-arm64-musl/-/core-linux-arm64-musl-1.3.10.tgz"
  integrity sha512-AUzQ/5T2hoNIgZlnbflDufWDEfJbw+w8FwKoCp7kKyLLAXG8RHgTsx0TazzQ8PVcAQk8lWI2EBrObLL82n91kQ==

"@swc/core-linux-x64-gnu@1.3.10":
  version "1.3.10"
  resolved "https://registry.npmjs.org/@swc/core-linux-x64-gnu/-/core-linux-x64-gnu-1.3.10.tgz"
  integrity sha512-rjAyQVRkHCWvCA0wyk0nhJdVMfown6wLvDztKZ0wyT6NDDFdvekTMgALQXL5MW4Q0MYBvGMSauoysTZCdZW9aA==

"@swc/core-linux-x64-musl@1.3.10":
  version "1.3.10"
  resolved "https://registry.npmjs.org/@swc/core-linux-x64-musl/-/core-linux-x64-musl-1.3.10.tgz"
  integrity sha512-X5KFbPTxcXaycGOrKoiPNCBUOjhCf8GpeNFpM7QASEWulWWM7nkMPrNeXKmQgJBlRT2j3iLine4Pkyc2bLPlVg==

"@swc/core-win32-arm64-msvc@1.3.10":
  version "1.3.10"
  resolved "https://registry.npmjs.org/@swc/core-win32-arm64-msvc/-/core-win32-arm64-msvc-1.3.10.tgz"
  integrity sha512-KcQIERfwGyTAcJOnqGsFbRtU6wSm91xwYFVYjeYy2aNU/SKQ5rtwPTW1UAaUDdwDcS1Y49fNWWj+GPtdaZ+WXQ==
  dependencies:
    "@swc/wasm" "1.2.130"

"@swc/core-win32-ia32-msvc@1.3.10":
  version "1.3.10"
  resolved "https://registry.npmjs.org/@swc/core-win32-ia32-msvc/-/core-win32-ia32-msvc-1.3.10.tgz"
  integrity sha512-bNpFGZX8tNkwWbQyFRSO+wJ9BgE38ItEodTUXmBsC1xhsHPYLYMlP+6lDKvkO7+jzRMLbyWWUyoWXCEfkvdYWw==
  dependencies:
    "@swc/wasm" "1.2.130"

"@swc/core-win32-x64-msvc@1.3.10":
  version "1.3.10"
  resolved "https://registry.npmjs.org/@swc/core-win32-x64-msvc/-/core-win32-x64-msvc-1.3.10.tgz"
  integrity sha512-40yeeov6XcJHm99anMeEn/NwhDcoM2fhBQHWRVZfCa43QC45AUjJ3kWrD76U6MPGnGy7MsCOXdFyu1mJOAHKEw==

"@swc/wasm@1.2.122":
  version "1.2.122"
  resolved "https://registry.npmjs.org/@swc/wasm/-/wasm-1.2.122.tgz"
  integrity sha512-sM1VCWQxmNhFtdxME+8UXNyPNhxNu7zdb6ikWpz0YKAQQFRGT5ThZgJrubEpah335SUToNg8pkdDF7ibVCjxbQ==

"@swc/wasm@1.2.130":
  version "1.2.130"
  resolved "https://registry.npmjs.org/@swc/wasm/-/wasm-1.2.130.tgz"
  integrity sha512-rNcJsBxS70+pv8YUWwf5fRlWX6JoY/HJc25HD/F8m6Kv7XhJdqPPMhyX6TKkUBPAG7TWlZYoxa+rHAjPy4Cj3Q==

"@types/prop-types@*":
  version "15.7.5"
  resolved "https://registry.npmjs.org/@types/prop-types/-/prop-types-15.7.5.tgz"
  integrity sha512-JCB8C6SnDoQf0cNycqd/35A7MjcnK+ZTqE7judS6o7utxUCg6imJg3QK2qzHKszlTjcj2cn+NwMB2i96ubpj7w==

"@types/react@*":
  version "18.0.21"
  resolved "https://registry.npmjs.org/@types/react/-/react-18.0.21.tgz"
  integrity sha512-7QUCOxvFgnD5Jk8ZKlUAhVcRj7GuJRjnjjiY/IUBWKgOlnvDvTMLD4RTF7NPyVmbRhNrbomZiOepg7M/2Kj1mA==
  dependencies:
    "@types/prop-types" "*"
    "@types/scheduler" "*"
    csstype "^3.0.2"

"@types/react-dom@^18.0.6":
  version "18.0.6"
  resolved "https://registry.npmjs.org/@types/react-dom/-/react-dom-18.0.6.tgz"
  integrity sha512-/5OFZgfIPSwy+YuIBP/FgJnQnsxhZhjjrnxudMddeblOouIodEQ75X14Rr4wGSG/bknL+Omy9iWlLo1u/9GzAA==
  dependencies:
    "@types/react" "*"

"@types/scheduler@*":
  version "0.16.2"
  resolved "https://registry.npmjs.org/@types/scheduler/-/scheduler-0.16.2.tgz"
  integrity sha512-hppQEBDmlwhFAXKJX2KnWLYu5yMfi91yazPb2l+lbJiwW+wdo1gNeRA+3RgNSO39WYX2euey41KEwnqesU2Jew==

csstype@^3.0.2:
  version "3.1.1"
  resolved "https://registry.npmjs.org/csstype/-/csstype-3.1.1.tgz"
  integrity sha512-DJR/VvkAvSZW9bTouZue2sSxDwdTN92uHjqeKVm+0dAqdfNykRzQ95tay8aXMBAAPpUiq4Qcug2L7neoRh2Egw==

"js-tokens@^3.0.0 || ^4.0.0":
  version "4.0.0"
  resolved ""
  integrity sha512-RdJUflcE3cUzKiMqQgsCu06FPu9UdIJO0beYbPhHN4k6apgJtifcoCtT9bcxOpYBtpD2kCM6Sbzg4CausW/PKQ==

loose-envify@^1.1.0:
  version "1.4.0"
  resolved ""
  integrity sha512-lyuxPGr/Wfhrlem2CL/UcnUc1zcqKAImBDzukY7Y5F/yQiNdko6+fRLevlw1HgMySw7f611UIY408EtxRSoK3Q==
  dependencies:
    js-tokens "^3.0.0 || ^4.0.0"

react@^18.2.0:
  version "18.2.0"
  resolved "https://registry.npmjs.org/react/-/react-18.2.0.tgz"
  integrity sha512-/3IjMdb2L9QbBdWiW5e3P2/npwMBaU9mHCSCUzNln0ZCYbcfTsGbTJrU/kGemdH2IWmB2ioZ+zkxtmq6g09fGQ==
  dependencies:
    loose-envify "^1.1.0"

react-dom@^18.2.0:
  version "18.2.0"
  resolved "https://registry.npmjs.org/react-dom/-/react-dom-18.2.0.tgz"
  integrity sha512-6IMTriUmvsjHUjNtEDudZfuDQUoWXVxKHhlEGSk81n4YFS+r/Kl99wXiwlVXtPBtJenozv2P+hxDsw9eA7Xo6g==
  dependencies:
    loose-envify "^1.1.0"
    scheduler "^0.23.0"

scheduler@^0.23.0:
  version "0.23.0"
  resolved "https://registry.npmjs.org/scheduler/-/scheduler-0.23.0.tgz"
  integrity sha512-CtuThmgHNg7zIZWAXi3AsyIzA3n4xx7aNyjwC2VJldO2LMVDhFK+63xGqq6CsJH4rTAt6/M+N4GhZiDYPx9eUw==
  dependencies:
    loose-envify "^1.1.0"

vite-plugin-swc-react-refresh@^2.1.0:
  version "2.1.0"
  resolved "https://registry.npmjs.org/vite-plugin-swc-react-refresh/-/vite-plugin-swc-react-refresh-2.1.0.tgz"
  integrity sha512-6YWmPG44ghIu75RbXkDg9OKC2F79jQ4wL3siIMQNKkZ05/PMYYp3DVv7qkXcXBCSjYHbG1bIpDvex8kGxDxIfQ==
  dependencies:
    "@swc/core" "^1.2.245"
