# THIS IS AN AUTOGENERATED FILE. DO NOT EDIT THIS FILE DIRECTLY.
# yarn lockfile v1
# bun ./bun.lockb --hash: C6A399B4BFDAB035-b0d685f590d9fa8d-44ABB523C705F2F6-56bcddc0f6883165


"@swc/core@^1.3.35":
  version "1.3.36"
  resolved "https://registry.npmjs.org/@swc/core/-/core-1.3.36.tgz"
  integrity sha512-Ogrd9uRNIj7nHjXxG66UlKBIcXESUenJ7OD6K2a8p82qlg6ne7Ne5Goiipm/heHYhSfVmjcnRWL9ZJ4gv+YCPA==
  dependencies:
    "@swc/core-win32-x64-msvc" "1.3.36"
    "@swc/core-darwin-x64" "1.3.36"
    "@swc/core-linux-x64-gnu" "1.3.36"
    "@swc/core-linux-x64-musl" "1.3.36"
    "@swc/core-win32-ia32-msvc" "1.3.36"
    "@swc/core-linux-arm64-gnu" "1.3.36"
    "@swc/core-linux-arm-gnueabihf" "1.3.36"
    "@swc/core-darwin-arm64" "1.3.36"
    "@swc/core-linux-arm64-musl" "1.3.36"
    "@swc/core-win32-arm64-msvc" "1.3.36"

"@swc/core-darwin-arm64@1.3.36":
  version "1.3.36"
  resolved "https://registry.npmjs.org/@swc/core-darwin-arm64/-/core-darwin-arm64-1.3.36.tgz"
  integrity sha512-lsP+C8p9cC/Vd9uAbtxpEnM8GoJI/MMnVuXak7OlxOtDH9/oTwmAcAQTfNGNaH19d2FAIRwf+5RbXCPnxa2Zjw==

"@swc/core-darwin-x64@1.3.36":
  version "1.3.36"
  resolved "https://registry.npmjs.org/@swc/core-darwin-x64/-/core-darwin-x64-1.3.36.tgz"
  integrity sha512-jaLXsozWN5xachl9fPxDMi5nbWq1rRxPAt6ISeiYB6RJk0MQKH1634pOweBBem2pUDDzwDFXFw6f22LTm/cFvA==

"@swc/core-linux-arm-gnueabihf@1.3.36":
  version "1.3.36"
  resolved "https://registry.npmjs.org/@swc/core-linux-arm-gnueabihf/-/core-linux-arm-gnueabihf-1.3.36.tgz"
  integrity sha512-vcBdTHjoEpvJDbFlgto+S6VwAHzLA9GyCiuNcTU2v4KNQlFzhbO4A4PMfMCb/Z0RLJEr16tirfHdWIxjU3h8nw==

"@swc/core-linux-arm64-gnu@1.3.36":
  version "1.3.36"
  resolved "https://registry.npmjs.org/@swc/core-linux-arm64-gnu/-/core-linux-arm64-gnu-1.3.36.tgz"
  integrity sha512-o7f5OsvwWppJo+qIZmrGO5+XC6DPt6noecSbRHjF6o1YAcR13ETPC14k1eC9H1YbQwpyCFNVAFXyNcUbCeQyrQ==

"@swc/core-linux-arm64-musl@1.3.36":
  version "1.3.36"
  resolved "https://registry.npmjs.org/@swc/core-linux-arm64-musl/-/core-linux-arm64-musl-1.3.36.tgz"
  integrity sha512-FSHPngMi3c0fuGt9yY2Ubn5UcELi3EiPLJxBSC3X8TF9atI/WHZzK9PE9Gtn0C/LyRh4CoyOugDtSOPzGYmLQg==

"@swc/core-linux-x64-gnu@1.3.36":
  version "1.3.36"
  resolved "https://registry.npmjs.org/@swc/core-linux-x64-gnu/-/core-linux-x64-gnu-1.3.36.tgz"
  integrity sha512-PHSsH2rek5pr3e0K09VgWAbrWK2vJhaI7MW9TPoTjyACYjcs3WwjcjQ30MghXUs2Dc/bXjWAOi9KFTjq/uCyFg==

"@swc/core-linux-x64-musl@1.3.36":
  version "1.3.36"
  resolved "https://registry.npmjs.org/@swc/core-linux-x64-musl/-/core-linux-x64-musl-1.3.36.tgz"
  integrity sha512-4LfMYQHzozHCKkIcmQy83b+4SpI+mOp6sYNbXqSRz5dYvTVjegKZXe596P1U/87cK2cgR4uYvkgkgBXquaWvwQ==

"@swc/core-win32-arm64-msvc@1.3.36":
  version "1.3.36"
  resolved "https://registry.npmjs.org/@swc/core-win32-arm64-msvc/-/core-win32-arm64-msvc-1.3.36.tgz"
  integrity sha512-7y3dDcun79TAjCyk3Iv0eOMw1X/KNQbkVyKOGqnEgq9g22F8F1FoUGKHNTzUqVdzpHeJSsHgW5PlkEkl3c/d9w==

"@swc/core-win32-ia32-msvc@1.3.36":
  version "1.3.36"
  resolved "https://registry.npmjs.org/@swc/core-win32-ia32-msvc/-/core-win32-ia32-msvc-1.3.36.tgz"
  integrity sha512-zK0VR3B4LX5hzQ+7eD+K+FkxJlJg5Lo36BeahMzQ+/i0IURpnuyFlW88sdkFkMsc2swdU6bpvxLZeIRQ3W4OUg==

"@swc/core-win32-x64-msvc@1.3.36":
  version "1.3.36"
  resolved "https://registry.npmjs.org/@swc/core-win32-x64-msvc/-/core-win32-x64-msvc-1.3.36.tgz"
  integrity sha512-2bIjr9DhAckGiXZEvj6z2z7ECPcTimG+wD0VuQTvr+wkx46uAJKl5Kq+Zk+dd15ErL7JGUtCet1T7bf1k4FwvQ==

"@types/prop-types@*":
  version "15.7.5"
  resolved "https://registry.npmjs.org/@types/prop-types/-/prop-types-15.7.5.tgz"
  integrity sha512-JCB8C6SnDoQf0cNycqd/35A7MjcnK+ZTqE7judS6o7utxUCg6imJg3QK2qzHKszlTjcj2cn+NwMB2i96ubpj7w==

"@types/react@*":
  version "18.0.28"
  resolved "https://registry.npmjs.org/@types/react/-/react-18.0.28.tgz"
  integrity sha512-RD0ivG1kEztNBdoAK7lekI9M+azSnitIn85h4iOiaLjaTrMjzslhaqCGaI4IyCJ1RljWiLCEu4jyrLLgqxBTew==
  dependencies:
    "@types/prop-types" "*"
    "@types/scheduler" "*"
    csstype "^3.0.2"

"@types/react-dom@^18.0.11":
  version "18.0.11"
  resolved "https://registry.npmjs.org/@types/react-dom/-/react-dom-18.0.11.tgz"
  integrity sha512-O38bPbI2CWtgw/OoQoY+BRelw7uysmXbWvw3nLWO21H1HSh+GOlqPuXshJfjmpNlKiiSDG9cc1JZAaMmVdcTlw==
  dependencies:
    "@types/react" "*"

"@types/scheduler@*":
  version "0.16.2"
  resolved "https://registry.npmjs.org/@types/scheduler/-/scheduler-0.16.2.tgz"
  integrity sha512-hppQEBDmlwhFAXKJX2KnWLYu5yMfi91yazPb2l+lbJiwW+wdo1gNeRA+3RgNSO39WYX2euey41KEwnqesU2Jew==

"@vitejs/plugin-react-swc@^3.2.0":
  version "3.2.0"
  resolved "https://registry.npmjs.org/@vitejs/plugin-react-swc/-/plugin-react-swc-3.2.0.tgz"
  integrity sha512-IcBoXL/mcH7JdQr/nfDlDwTdIaH8Rg7LpfQDF4nAht+juHWIuv6WhpKPCSfY4+zztAaB07qdBoFz1XCZsgo3pQ==
  dependencies:
    "@swc/core" "^1.3.35"

csstype@^3.0.2:
  version "3.1.1"
  resolved "https://registry.npmjs.org/csstype/-/csstype-3.1.1.tgz"
  integrity sha512-DJR/VvkAvSZW9bTouZue2sSxDwdTN92uHjqeKVm+0dAqdfNykRzQ95tay8aXMBAAPpUiq4Qcug2L7neoRh2Egw==

"js-tokens@^3.0.0 || ^4.0.0":
  version "4.0.0"
  resolved "https://registry.npmjs.org/js-tokens/-/js-tokens-4.0.0.tgz"
  integrity sha512-RdJUflcE3cUzKiMqQgsCu06FPu9UdIJO0beYbPhHN4k6apgJtifcoCtT9bcxOpYBtpD2kCM6Sbzg4CausW/PKQ==

loose-envify@^1.1.0:
  version "1.4.0"
  resolved ""
  integrity sha512-lyuxPGr/Wfhrlem2CL/UcnUc1zcqKAImBDzukY7Y5F/yQiNdko6+fRLevlw1HgMySw7f611UIY408EtxRSoK3Q==
  dependencies:
    js-tokens "^3.0.0 || ^4.0.0"

react@^18.2.0:
  version "18.2.0"
  resolved "https://registry.npmjs.org/react/-/react-18.2.0.tgz"
  integrity sha512-/3IjMdb2L9QbBdWiW5e3P2/npwMBaU9mHCSCUzNln0ZCYbcfTsGbTJrU/kGemdH2IWmB2ioZ+zkxtmq6g09fGQ==
  dependencies:
    loose-envify "^1.1.0"

react-dom@^18.2.0:
  version "18.2.0"
  resolved "https://registry.npmjs.org/react-dom/-/react-dom-18.2.0.tgz"
  integrity sha512-6IMTriUmvsjHUjNtEDudZfuDQUoWXVxKHhlEGSk81n4YFS+r/Kl99wXiwlVXtPBtJenozv2P+hxDsw9eA7Xo6g==
  dependencies:
    loose-envify "^1.1.0"
    scheduler "^0.23.0"

scheduler@^0.23.0:
  version "0.23.0"
  resolved "https://registry.npmjs.org/scheduler/-/scheduler-0.23.0.tgz"
  integrity sha512-CtuThmgHNg7zIZWAXi3AsyIzA3n4xx7aNyjwC2VJldO2LMVDhFK+63xGqq6CsJH4rTAt6/M+N4GhZiDYPx9eUw==
  dependencies:
    loose-envify "^1.1.0"
